// !$*UTF8*$!
{
	archiveVersion = 1;
	classes = {
	};
	objectVersion = 48;
	objects = {

/* Begin PBXBuildFile section */
		035C108820D99D4100CA1B88 /* AppDelegate.swift in Sources */ = {isa = PBXBuildFile; fileRef = 035C108720D99D4100CA1B88 /* AppDelegate.swift */; };
		035C108A20D99D4100CA1B88 /* ViewController.swift in Sources */ = {isa = PBXBuildFile; fileRef = 035C108920D99D4100CA1B88 /* ViewController.swift */; };
		035C108D20D99D4100CA1B88 /* Main.storyboard in Resources */ = {isa = PBXBuildFile; fileRef = 035C108B20D99D4100CA1B88 /* Main.storyboard */; };
		035C108F20D99D4100CA1B88 /* Assets.xcassets in Resources */ = {isa = PBXBuildFile; fileRef = 035C108E20D99D4100CA1B88 /* Assets.xcassets */; };
		035C109220D99D4100CA1B88 /* LaunchScreen.storyboard in Resources */ = {isa = PBXBuildFile; fileRef = 035C109020D99D4100CA1B88 /* LaunchScreen.storyboard */; };
		035C109D20D99D4200CA1B88 /* UITestsWithXCUITestsUITests.swift in Sources */ = {isa = PBXBuildFile; fileRef = 035C109C20D99D4200CA1B88 /* UITestsWithXCUITestsUITests.swift */; };
/* End PBXBuildFile section */

/* Begin PBXContainerItemProxy section */
		035C109920D99D4200CA1B88 /* PBXContainerItemProxy */ = {
			isa = PBXContainerItemProxy;
			containerPortal = 035C107C20D99D4100CA1B88 /* Project object */;
			proxyType = 1;
			remoteGlobalIDString = 035C108320D99D4100CA1B88;
			remoteInfo = UITestsWithXCUITests;
		};
/* End PBXContainerItemProxy section */

/* Begin PBXFileReference section */
		035C108420D99D4100CA1B88 /* UITestsWithXCUITests.app */ = {isa = PBXFileReference; explicitFileType = wrapper.application; includeInIndex = 0; path = UITestsWithXCUITests.app; sourceTree = BUILT_PRODUCTS_DIR; };
		035C108720D99D4100CA1B88 /* AppDelegate.swift */ = {isa = PBXFileReference; lastKnownFileType = sourcecode.swift; path = AppDelegate.swift; sourceTree = "<group>"; };
		035C108920D99D4100CA1B88 /* ViewController.swift */ = {isa = PBXFileReference; lastKnownFileType = sourcecode.swift; path = ViewController.swift; sourceTree = "<group>"; };
		035C108C20D99D4100CA1B88 /* Base */ = {isa = PBXFileReference; lastKnownFileType = file.storyboard; name = Base; path = Base.lproj/Main.storyboard; sourceTree = "<group>"; };
		035C108E20D99D4100CA1B88 /* Assets.xcassets */ = {isa = PBXFileReference; lastKnownFileType = folder.assetcatalog; path = Assets.xcassets; sourceTree = "<group>"; };
		035C109120D99D4100CA1B88 /* Base */ = {isa = PBXFileReference; lastKnownFileType = file.storyboard; name = Base; path = Base.lproj/LaunchScreen.storyboard; sourceTree = "<group>"; };
		035C109320D99D4100CA1B88 /* Info.plist */ = {isa = PBXFileReference; lastKnownFileType = text.plist.xml; path = Info.plist; sourceTree = "<group>"; };
		035C109820D99D4200CA1B88 /* UITestsWithXCUITestsUITests.xctest */ = {isa = PBXFileReference; explicitFileType = wrapper.cfbundle; includeInIndex = 0; path = UITestsWithXCUITestsUITests.xctest; sourceTree = BUILT_PRODUCTS_DIR; };
		035C109C20D99D4200CA1B88 /* UITestsWithXCUITestsUITests.swift */ = {isa = PBXFileReference; lastKnownFileType = sourcecode.swift; path = UITestsWithXCUITestsUITests.swift; sourceTree = "<group>"; };
		035C109E20D99D4200CA1B88 /* Info.plist */ = {isa = PBXFileReference; lastKnownFileType = text.plist.xml; path = Info.plist; sourceTree = "<group>"; };
/* End PBXFileReference section */

/* Begin PBXFrameworksBuildPhase section */
		035C108120D99D4100CA1B88 /* Frameworks */ = {
			isa = PBXFrameworksBuildPhase;
			buildActionMask = 2147483647;
			files = (
			);
			runOnlyForDeploymentPostprocessing = 0;
		};
		035C109520D99D4200CA1B88 /* Frameworks */ = {
			isa = PBXFrameworksBuildPhase;
			buildActionMask = 2147483647;
			files = (
			);
			runOnlyForDeploymentPostprocessing = 0;
		};
/* End PBXFrameworksBuildPhase section */

/* Begin PBXGroup section */
		035C107B20D99D4100CA1B88 = {
			isa = PBXGroup;
			children = (
				035C108620D99D4100CA1B88 /* UITestsWithXCUITests */,
				035C109B20D99D4200CA1B88 /* UITestsWithXCUITestsUITests */,
				035C108520D99D4100CA1B88 /* Products */,
			);
			sourceTree = "<group>";
		};
		035C108520D99D4100CA1B88 /* Products */ = {
			isa = PBXGroup;
			children = (
				035C108420D99D4100CA1B88 /* UITestsWithXCUITests.app */,
				035C109820D99D4200CA1B88 /* UITestsWithXCUITestsUITests.xctest */,
			);
			name = Products;
			sourceTree = "<group>";
		};
		035C108620D99D4100CA1B88 /* UITestsWithXCUITests */ = {
			isa = PBXGroup;
			children = (
				035C108720D99D4100CA1B88 /* AppDelegate.swift */,
				035C108920D99D4100CA1B88 /* ViewController.swift */,
				035C108B20D99D4100CA1B88 /* Main.storyboard */,
				035C108E20D99D4100CA1B88 /* Assets.xcassets */,
				035C109020D99D4100CA1B88 /* LaunchScreen.storyboard */,
				035C109320D99D4100CA1B88 /* Info.plist */,
			);
			path = UITestsWithXCUITests;
			sourceTree = "<group>";
		};
		035C109B20D99D4200CA1B88 /* UITestsWithXCUITestsUITests */ = {
			isa = PBXGroup;
			children = (
				035C109C20D99D4200CA1B88 /* UITestsWithXCUITestsUITests.swift */,
				035C109E20D99D4200CA1B88 /* Info.plist */,
			);
			path = UITestsWithXCUITestsUITests;
			sourceTree = "<group>";
		};
/* End PBXGroup section */

/* Begin PBXNativeTarget section */
		035C108320D99D4100CA1B88 /* UITestsWithXCUITests */ = {
			isa = PBXNativeTarget;
			buildConfigurationList = 035C10A120D99D4200CA1B88 /* Build configuration list for PBXNativeTarget "UITestsWithXCUITests" */;
			buildPhases = (
				035C108020D99D4100CA1B88 /* Sources */,
				035C108120D99D4100CA1B88 /* Frameworks */,
				035C108220D99D4100CA1B88 /* Resources */,
			);
			buildRules = (
			);
			dependencies = (
			);
			name = UITestsWithXCUITests;
			productName = UITestsWithXCUITests;
			productReference = 035C108420D99D4100CA1B88 /* UITestsWithXCUITests.app */;
			productType = "com.apple.product-type.application";
		};
		035C109720D99D4200CA1B88 /* UITestsWithXCUITestsUITests */ = {
			isa = PBXNativeTarget;
			buildConfigurationList = 035C10A420D99D4200CA1B88 /* Build configuration list for PBXNativeTarget "UITestsWithXCUITestsUITests" */;
			buildPhases = (
				035C109420D99D4200CA1B88 /* Sources */,
				035C109520D99D4200CA1B88 /* Frameworks */,
				035C109620D99D4200CA1B88 /* Resources */,
			);
			buildRules = (
			);
			dependencies = (
				035C109A20D99D4200CA1B88 /* PBXTargetDependency */,
			);
			name = UITestsWithXCUITestsUITests;
			productName = UITestsWithXCUITestsUITests;
			productReference = 035C109820D99D4200CA1B88 /* UITestsWithXCUITestsUITests.xctest */;
			productType = "com.apple.product-type.bundle.ui-testing";
		};
/* End PBXNativeTarget section */

/* Begin PBXProject section */
		035C107C20D99D4100CA1B88 /* Project object */ = {
			isa = PBXProject;
			attributes = {
				LastSwiftUpdateCheck = 0920;
				LastUpgradeCheck = 0920;
				ORGANIZATIONNAME = Thufik;
				TargetAttributes = {
					035C108320D99D4100CA1B88 = {
						CreatedOnToolsVersion = 9.2;
						ProvisioningStyle = Automatic;
					};
					035C109720D99D4200CA1B88 = {
						CreatedOnToolsVersion = 9.2;
						ProvisioningStyle = Automatic;
						TestTargetID = 035C108320D99D4100CA1B88;
					};
				};
			};
			buildConfigurationList = 035C107F20D99D4100CA1B88 /* Build configuration list for PBXProject "UITestsWithXCUITests" */;
			compatibilityVersion = "Xcode 8.0";
			developmentRegion = en;
			hasScannedForEncodings = 0;
			knownRegions = (
				en,
				Base,
			);
			mainGroup = 035C107B20D99D4100CA1B88;
			productRefGroup = 035C108520D99D4100CA1B88 /* Products */;
			projectDirPath = "";
			projectRoot = "";
			targets = (
				035C108320D99D4100CA1B88 /* UITestsWithXCUITests */,
				035C109720D99D4200CA1B88 /* UITestsWithXCUITestsUITests */,
			);
		};
/* End PBXProject section */

/* Begin PBXResourcesBuildPhase section */
		035C108220D99D4100CA1B88 /* Resources */ = {
			isa = PBXResourcesBuildPhase;
			buildActionMask = 2147483647;
			files = (
				035C109220D99D4100CA1B88 /* LaunchScreen.storyboard in Resources */,
				035C108F20D99D4100CA1B88 /* Assets.xcassets in Resources */,
				035C108D20D99D4100CA1B88 /* Main.storyboard in Resources */,
			);
			runOnlyForDeploymentPostprocessing = 0;
		};
		035C109620D99D4200CA1B88 /* Resources */ = {
			isa = PBXResourcesBuildPhase;
			buildActionMask = 2147483647;
			files = (
			);
			runOnlyForDeploymentPostprocessing = 0;
		};
/* End PBXResourcesBuildPhase section */

/* Begin PBXSourcesBuildPhase section */
		035C108020D99D4100CA1B88 /* Sources */ = {
			isa = PBXSourcesBuildPhase;
			buildActionMask = 2147483647;
			files = (
				035C108A20D99D4100CA1B88 /* ViewController.swift in Sources */,
				035C108820D99D4100CA1B88 /* AppDelegate.swift in Sources */,
			);
			runOnlyForDeploymentPostprocessing = 0;
		};
		035C109420D99D4200CA1B88 /* Sources */ = {
			isa = PBXSourcesBuildPhase;
			buildActionMask = 2147483647;
			files = (
				035C109D20D99D4200CA1B88 /* UITestsWithXCUITestsUITests.swift in Sources */,
			);
			runOnlyForDeploymentPostprocessing = 0;
		};
/* End PBXSourcesBuildPhase section */

/* Begin PBXTargetDependency section */
		035C109A20D99D4200CA1B88 /* PBXTargetDependency */ = {
			isa = PBXTargetDependency;
			target = 035C108320D99D4100CA1B88 /* UITestsWithXCUITests */;
			targetProxy = 035C109920D99D4200CA1B88 /* PBXContainerItemProxy */;
		};
/* End PBXTargetDependency section */

/* Begin PBXVariantGroup section */
		035C108B20D99D4100CA1B88 /* Main.storyboard */ = {
			isa = PBXVariantGroup;
			children = (
				035C108C20D99D4100CA1B88 /* Base */,
			);
			name = Main.storyboard;
			sourceTree = "<group>";
		};
		035C109020D99D4100CA1B88 /* LaunchScreen.storyboard */ = {
			isa = PBXVariantGroup;
			children = (
				035C109120D99D4100CA1B88 /* Base */,
			);
			name = LaunchScreen.storyboard;
			sourceTree = "<group>";
		};
/* End PBXVariantGroup section */

/* Begin XCBuildConfiguration section */
		035C109F20D99D4200CA1B88 /* Debug */ = {
			isa = XCBuildConfiguration;
			buildSettings = {
				ALWAYS_SEARCH_USER_PATHS = NO;
				CLANG_ANALYZER_NONNULL = YES;
				CLANG_ANALYZER_NUMBER_OBJECT_CONVERSION = YES_AGGRESSIVE;
				CLANG_CXX_LANGUAGE_STANDARD = "gnu++14";
				CLANG_CXX_LIBRARY = "libc++";
				CLANG_ENABLE_MODULES = YES;
				CLANG_ENABLE_OBJC_ARC = YES;
				CLANG_WARN_BLOCK_CAPTURE_AUTORELEASING = YES;
				CLANG_WARN_BOOL_CONVERSION = YES;
				CLANG_WARN_COMMA = YES;
				CLANG_WARN_CONSTANT_CONVERSION = YES;
				CLANG_WARN_DIRECT_OBJC_ISA_USAGE = YES_ERROR;
				CLANG_WARN_DOCUMENTATION_COMMENTS = YES;
				CLANG_WARN_EMPTY_BODY = YES;
				CLANG_WARN_ENUM_CONVERSION = YES;
				CLANG_WARN_INFINITE_RECURSION = YES;
				CLANG_WARN_INT_CONVERSION = YES;
				CLANG_WARN_NON_LITERAL_NULL_CONVERSION = YES;
				CLANG_WARN_OBJC_LITERAL_CONVERSION = YES;
				CLANG_WARN_OBJC_ROOT_CLASS = YES_ERROR;
				CLANG_WARN_RANGE_LOOP_ANALYSIS = YES;
				CLANG_WARN_STRICT_PROTOTYPES = YES;
				CLANG_WARN_SUSPICIOUS_MOVE = YES;
				CLANG_WARN_UNGUARDED_AVAILABILITY = YES_AGGRESSIVE;
				CLANG_WARN_UNREACHABLE_CODE = YES;
				CLANG_WARN__DUPLICATE_METHOD_MATCH = YES;
				CODE_SIGN_IDENTITY = "iPhone Developer";
				COPY_PHASE_STRIP = NO;
				DEBUG_INFORMATION_FORMAT = dwarf;
				ENABLE_STRICT_OBJC_MSGSEND = YES;
				ENABLE_TESTABILITY = YES;
				GCC_C_LANGUAGE_STANDARD = gnu11;
				GCC_DYNAMIC_NO_PIC = NO;
				GCC_NO_COMMON_BLOCKS = YES;
				GCC_OPTIMIZATION_LEVEL = 0;
				GCC_PREPROCESSOR_DEFINITIONS = (
					"DEBUG=1",
					"$(inherited)",
				);
				GCC_WARN_64_TO_32_BIT_CONVERSION = YES;
				GCC_WARN_ABOUT_RETURN_TYPE = YES_ERROR;
				GCC_WARN_UNDECLARED_SELECTOR = YES;
				GCC_WARN_UNINITIALIZED_AUTOS = YES_AGGRESSIVE;
				GCC_WARN_UNUSED_FUNCTION = YES;
				GCC_WARN_UNUSED_VARIABLE = YES;
				IPHONEOS_DEPLOYMENT_TARGET = 11.2;
				MTL_ENABLE_DEBUG_INFO = YES;
				ONLY_ACTIVE_ARCH = YES;
				SDKROOT = iphoneos;
				SWIFT_ACTIVE_COMPILATION_CONDITIONS = DEBUG;
				SWIFT_OPTIMIZATION_LEVEL = "-Onone";
			};
			name = Debug;
		};
		035C10A020D99D4200CA1B88 /* Release */ = {
			isa = XCBuildConfiguration;
			buildSettings = {
				ALWAYS_SEARCH_USER_PATHS = NO;
				CLANG_ANALYZER_NONNULL = YES;
				CLANG_ANALYZER_NUMBER_OBJECT_CONVERSION = YES_AGGRESSIVE;
				CLANG_CXX_LANGUAGE_STANDARD = "gnu++14";
				CLANG_CXX_LIBRARY = "libc++";
				CLANG_ENABLE_MODULES = YES;
				CLANG_ENABLE_OBJC_ARC = YES;
				CLANG_WARN_BLOCK_CAPTURE_AUTORELEASING = YES;
				CLANG_WARN_BOOL_CONVERSION = YES;
				CLANG_WARN_COMMA = YES;
				CLANG_WARN_CONSTANT_CONVERSION = YES;
				CLANG_WARN_DIRECT_OBJC_ISA_USAGE = YES_ERROR;
				CLANG_WARN_DOCUMENTATION_COMMENTS = YES;
				CLANG_WARN_EMPTY_BODY = YES;
				CLANG_WARN_ENUM_CONVERSION = YES;
				CLANG_WARN_INFINITE_RECURSION = YES;
				CLANG_WARN_INT_CONVERSION = YES;
				CLANG_WARN_NON_LITERAL_NULL_CONVERSION = YES;
				CLANG_WARN_OBJC_LITERAL_CONVERSION = YES;
				CLANG_WARN_OBJC_ROOT_CLASS = YES_ERROR;
				CLANG_WARN_RANGE_LOOP_ANALYSIS = YES;
				CLANG_WARN_STRICT_PROTOTYPES = YES;
				CLANG_WARN_SUSPICIOUS_MOVE = YES;
				CLANG_WARN_UNGUARDED_AVAILABILITY = YES_AGGRESSIVE;
				CLANG_WARN_UNREACHABLE_CODE = YES;
				CLANG_WARN__DUPLICATE_METHOD_MATCH = YES;
				CODE_SIGN_IDENTITY = "iPhone Developer";
				COPY_PHASE_STRIP = NO;
				DEBUG_INFORMATION_FORMAT = "dwarf-with-dsym";
				ENABLE_NS_ASSERTIONS = NO;
				ENABLE_STRICT_OBJC_MSGSEND = YES;
				GCC_C_LANGUAGE_STANDARD = gnu11;
				GCC_NO_COMMON_BLOCKS = YES;
				GCC_WARN_64_TO_32_BIT_CONVERSION = YES;
				GCC_WARN_ABOUT_RETURN_TYPE = YES_ERROR;
				GCC_WARN_UNDECLARED_SELECTOR = YES;
				GCC_WARN_UNINITIALIZED_AUTOS = YES_AGGRESSIVE;
				GCC_WARN_UNUSED_FUNCTION = YES;
				GCC_WARN_UNUSED_VARIABLE = YES;
				IPHONEOS_DEPLOYMENT_TARGET = 11.2;
				MTL_ENABLE_DEBUG_INFO = NO;
				SDKROOT = iphoneos;
				SWIFT_OPTIMIZATION_LEVEL = "-Owholemodule";
				VALIDATE_PRODUCT = YES;
			};
			name = Release;
		};
		035C10A220D99D4200CA1B88 /* Debug */ = {
			isa = XCBuildConfiguration;
			buildSettings = {
				ASSETCATALOG_COMPILER_APPICON_NAME = AppIcon;
				CODE_SIGN_STYLE = Automatic;
				DEVELOPMENT_TEAM = 2T9344DJMW;
				INFOPLIST_FILE = UITestsWithXCUITests/Info.plist;
				LD_RUNPATH_SEARCH_PATHS = "$(inherited) @executable_path/Frameworks";
				PRODUCT_BUNDLE_IDENTIFIER = Thufik.UITestsWithXCUITests;
				PRODUCT_NAME = "$(TARGET_NAME)";
				SWIFT_VERSION = 4.0;
				TARGETED_DEVICE_FAMILY = "1,2";
			};
			name = Debug;
		};
		035C10A320D99D4200CA1B88 /* Release */ = {
			isa = XCBuildConfiguration;
			buildSettings = {
				ASSETCATALOG_COMPILER_APPICON_NAME = AppIcon;
				CODE_SIGN_STYLE = Automatic;
				DEVELOPMENT_TEAM = 2T9344DJMW;
				INFOPLIST_FILE = UITestsWithXCUITests/Info.plist;
				LD_RUNPATH_SEARCH_PATHS = "$(inherited) @executable_path/Frameworks";
				PRODUCT_BUNDLE_IDENTIFIER = Thufik.UITestsWithXCUITests;
				PRODUCT_NAME = "$(TARGET_NAME)";
				SWIFT_VERSION = 4.0;
				TARGETED_DEVICE_FAMILY = "1,2";
			};
			name = Release;
		};
		035C10A520D99D4200CA1B88 /* Debug */ = {
			isa = XCBuildConfiguration;
			buildSettings = {
				ALWAYS_EMBED_SWIFT_STANDARD_LIBRARIES = YES;
				CODE_SIGN_STYLE = Automatic;
				DEVELOPMENT_TEAM = 2T9344DJMW;
				INFOPLIST_FILE = UITestsWithXCUITestsUITests/Info.plist;
				LD_RUNPATH_SEARCH_PATHS = "$(inherited) @executable_path/Frameworks @loader_path/Frameworks";
				PRODUCT_BUNDLE_IDENTIFIER = Thufik.UITestsWithXCUITestsUITests;
				PRODUCT_NAME = "$(TARGET_NAME)";
				SWIFT_VERSION = 4.0;
				TARGETED_DEVICE_FAMILY = "1,2";
				TEST_TARGET_NAME = UITestsWithXCUITests;
			};
			name = Debug;
		};
		035C10A620D99D4200CA1B88 /* Release */ = {
			isa = XCBuildConfiguration;
			buildSettings = {
				ALWAYS_EMBED_SWIFT_STANDARD_LIBRARIES = YES;
				CODE_SIGN_STYLE = Automatic;
				DEVELOPMENT_TEAM = 2T9344DJMW;
				INFOPLIST_FILE = UITestsWithXCUITestsUITests/Info.plist;
				LD_RUNPATH_SEARCH_PATHS = "$(inherited) @executable_path/Frameworks @loader_path/Frameworks";
				PRODUCT_BUNDLE_IDENTIFIER = Thufik.UITestsWithXCUITestsUITests;
				PRODUCT_NAME = "$(TARGET_NAME)";
				SWIFT_VERSION = 4.0;
				TARGETED_DEVICE_FAMILY = "1,2";
				TEST_TARGET_NAME = UITestsWithXCUITests;
			};
			name = Release;
		};
/* End XCBuildConfiguration section */

/* Begin XCConfigurationList section */
		035C107F20D99D4100CA1B88 /* Build configuration list for PBXProject "UITestsWithXCUITests" */ = {
			isa = XCConfigurationList;
			buildConfigurations = (
				035C109F20D99D4200CA1B88 /* Debug */,
				035C10A020D99D4200CA1B88 /* Release */,
			);
			defaultConfigurationIsVisible = 0;
			defaultConfigurationName = Release;
		};
		035C10A120D99D4200CA1B88 /* Build configuration list for PBXNativeTarget "UITestsWithXCUITests" */ = {
			isa = XCConfigurationList;
			buildConfigurations = (
				035C10A220D99D4200CA1B88 /* Debug */,
				035C10A320D99D4200CA1B88 /* Release */,
			);
			defaultConfigurationIsVisible = 0;
			defaultConfigurationName = Release;
		};
		035C10A420D99D4200CA1B88 /* Build configuration list for PBXNativeTarget "UITestsWithXCUITestsUITests" */ = {
			isa = XCConfigurationList;
			buildConfigurations = (
				035C10A520D99D4200CA1B88 /* Debug */,
				035C10A620D99D4200CA1B88 /* Release */,
			);
			defaultConfigurationIsVisible = 0;
			defaultConfigurationName = Release;
		};
/* End XCConfigurationList section */
	};
	rootObject = 035C107C20D99D4100CA1B88 /* Project object */;
}
